{
    "version": 3,
    "terraform_version": "0.8.6",
    "serial": 56,
    "lineage": "105adbf3-7628-4b0c-830d-e94b538c720b",
    "modules": [
        {
            "path": [
                "root"
            ],
            "outputs": {
                "linux_ips": {
                    "sensitive": false,
                    "type": "list",
                    "value": [
                        "54.236.31.218",
                        "52.3.227.194"
                    ]
                }
            },
            "resources": {
                "aws_instance.zodiac-grid-linux.0": {
                    "type": "aws_instance",
                    "depends_on": [
                        "aws_subnet.subnet"
                    ],
                    "primary": {
                        "id": "i-0ab63985d8aca9086",
                        "attributes": {
                            "ami": "ami-afe438b9",
                            "associate_public_ip_address": "true",
                            "availability_zone": "us-east-1a",
                            "disable_api_termination": "false",
                            "ebs_block_device.#": "0",
                            "ebs_optimized": "false",
                            "ephemeral_block_device.#": "0",
                            "iam_instance_profile": "",
                            "id": "i-0ab63985d8aca9086",
                            "instance_state": "running",
                            "instance_type": "t2.micro",
                            "key_name": "test-validation",
                            "monitoring": "false",
                            "network_interface_id": "eni-6b9f247f",
                            "private_dns": "ip-10-223-1-51.ec2.internal",
                            "private_ip": "10.223.1.51",
                            "public_dns": "ec2-54-236-31-218.compute-1.amazonaws.com",
                            "public_ip": "54.236.31.218",
                            "root_block_device.#": "1",
                            "root_block_device.0.delete_on_termination": "true",
                            "root_block_device.0.iops": "100",
                            "root_block_device.0.volume_size": "10",
                            "root_block_device.0.volume_type": "gp2",
                            "security_groups.#": "0",
                            "source_dest_check": "true",
                            "subnet_id": "subnet-188c1f7d",
                            "tags.%": "1",
                            "tags.Name": "zodiac-grid-linux",
                            "tenancy": "default",
                            "vpc_security_group_ids.#": "1",
                            "vpc_security_group_ids.3324815872": "sg-d38c90af"
                        },
                        "meta": {
                            "schema_version": "1"
                        },
                        "tainted": false
                    },
                    "deposed": [],
                    "provider": ""
                },
                "aws_instance.zodiac-grid-linux.1": {
                    "type": "aws_instance",
                    "depends_on": [
                        "aws_subnet.subnet"
                    ],
                    "primary": {
                        "id": "i-05cabcd9e902c16b0",
                        "attributes": {
                            "ami": "ami-afe438b9",
                            "associate_public_ip_address": "true",
                            "availability_zone": "us-east-1a",
                            "disable_api_termination": "false",
                            "ebs_block_device.#": "0",
                            "ebs_optimized": "false",
                            "ephemeral_block_device.#": "0",
                            "iam_instance_profile": "",
                            "id": "i-05cabcd9e902c16b0",
                            "instance_state": "running",
                            "instance_type": "t2.micro",
                            "key_name": "test-validation",
                            "monitoring": "false",
                            "network_interface_id": "eni-c39a21d7",
                            "private_dns": "ip-10-223-1-28.ec2.internal",
                            "private_ip": "10.223.1.28",
                            "public_dns": "ec2-52-3-227-194.compute-1.amazonaws.com",
                            "public_ip": "52.3.227.194",
                            "root_block_device.#": "1",
                            "root_block_device.0.delete_on_termination": "true",
                            "root_block_device.0.iops": "100",
                            "root_block_device.0.volume_size": "10",
                            "root_block_device.0.volume_type": "gp2",
                            "security_groups.#": "0",
                            "source_dest_check": "true",
                            "subnet_id": "subnet-188c1f7d",
                            "tags.%": "1",
                            "tags.Name": "zodiac-grid-linux",
                            "tenancy": "default",
                            "vpc_security_group_ids.#": "1",
                            "vpc_security_group_ids.3324815872": "sg-d38c90af"
                        },
                        "meta": {
                            "schema_version": "1"
                        },
                        "tainted": false
                    },
                    "deposed": [],
                    "provider": ""
                },
                "aws_internet_gateway.igw": {
                    "type": "aws_internet_gateway",
                    "depends_on": [
                        "aws_vpc.vpc"
                    ],
                    "primary": {
                        "id": "igw-079ca360",
                        "attributes": {
                            "id": "igw-079ca360",
                            "tags.%": "1",
                            "tags.Name": "zodiac-grid",
                            "vpc_id": "vpc-96abd0f0"
                        },
                        "meta": {},
                        "tainted": false
                    },
                    "deposed": [],
                    "provider": ""
                },
                "aws_route.gw": {
                    "type": "aws_route",
                    "depends_on": [
                        "aws_internet_gateway.igw",
                        "aws_vpc.vpc"
                    ],
                    "primary": {
                        "id": "r-rtb-cb9f12b21080289494",
                        "attributes": {
                            "destination_cidr_block": "0.0.0.0/0",
                            "destination_prefix_list_id": "",
                            "gateway_id": "igw-079ca360",
                            "id": "r-rtb-cb9f12b21080289494",
                            "instance_id": "",
                            "instance_owner_id": "",
                            "nat_gateway_id": "",
                            "network_interface_id": "",
                            "origin": "CreateRoute",
                            "route_table_id": "rtb-cb9f12b2",
                            "state": "active",
                            "vpc_peering_connection_id": ""
                        },
                        "meta": {},
                        "tainted": false
                    },
                    "deposed": [],
                    "provider": ""
                },
                "aws_route53_record.hostname": {
                    "type": "aws_route53_record",
                    "depends_on": [
                        "aws_instance.zodiac-grid-linux",
                        "aws_route53_zone.zone"
                    ],
                    "primary": {
                        "id": "Z3OE3XIXAOHD4J_grid.zodiac_A",
                        "attributes": {
                            "fqdn": "grid.zodiac",
                            "health_check_id": "",
                            "id": "Z3OE3XIXAOHD4J_grid.zodiac_A",
                            "name": "grid.zodiac",
                            "records.#": "1",
                            "records.3868177879": "54.236.31.218",
                            "set_identifier": "",
                            "ttl": "300",
                            "type": "A",
                            "zone_id": "Z3OE3XIXAOHD4J"
                        },
                        "meta": {
                            "schema_version": "2"
                        },
                        "tainted": false
                    },
                    "deposed": [],
                    "provider": ""
                },
                "aws_route53_zone.zone": {
                    "type": "aws_route53_zone",
                    "depends_on": [],
                    "primary": {
                        "id": "Z3OE3XIXAOHD4J",
                        "attributes": {
                            "comment": "Managed by Terraform",
                            "force_destroy": "false",
                            "id": "Z3OE3XIXAOHD4J",
                            "name": "zodiac",
                            "name_servers.#": "4",
                            "name_servers.0": "ns-0.awsdns-00.com.",
                            "name_servers.1": "ns-1024.awsdns-00.org.",
                            "name_servers.2": "ns-1536.awsdns-00.co.uk.",
                            "name_servers.3": "ns-512.awsdns-00.net.",
                            "tags.%": "0",
                            "vpc_id": "vpc-c55198a0",
                            "vpc_region": "us-east-1",
                            "zone_id": "Z3OE3XIXAOHD4J"
                        },
                        "meta": {},
                        "tainted": false
                    },
                    "deposed": [],
                    "provider": ""
                },
                "aws_security_group_rule.ingress": {
                    "type": "aws_security_group_rule",
                    "depends_on": [
                        "aws_vpc.vpc"
                    ],
                    "primary": {
                        "id": "sgrule-3418570561",
                        "attributes": {
                            "cidr_blocks.#": "1",
                            "cidr_blocks.0": "0.0.0.0/0",
                            "from_port": "0",
                            "id": "sgrule-3418570561",
                            "protocol": "-1",
                            "security_group_id": "sg-d38c90af",
                            "self": "false",
                            "to_port": "65535",
                            "type": "ingress"
                        },
                        "meta": {
                            "schema_version": "2"
                        },
                        "tainted": false
                    },
                    "deposed": [],
                    "provider": ""
                },
                "aws_subnet.subnet": {
                    "type": "aws_subnet",
                    "depends_on": [
                        "aws_vpc.vpc"
                    ],
                    "primary": {
                        "id": "subnet-188c1f7d",
                        "attributes": {
                            "availability_zone": "us-east-1a",
                            "cidr_block": "10.223.1.0/24",
                            "id": "subnet-188c1f7d",
                            "map_public_ip_on_launch": "false",
                            "tags.%": "1",
                            "tags.Name": "zodiac-grid",
                            "vpc_id": "vpc-96abd0f0"
                        },
                        "meta": {},
                        "tainted": false
                    },
                    "deposed": [],
                    "provider": ""
                },
                "aws_vpc.vpc": {
                    "type": "aws_vpc",
                    "depends_on": [],
                    "primary": {
                        "id": "vpc-96abd0f0",
                        "attributes": {
                            "cidr_block": "10.223.0.0/16",
                            "default_network_acl_id": "acl-bdb5bedb",
                            "default_route_table_id": "rtb-cb9f12b2",
                            "default_security_group_id": "sg-d38c90af",
                            "dhcp_options_id": "dopt-c52332a7",
                            "enable_classiclink": "false",
                            "enable_dns_hostnames": "true",
                            "enable_dns_support": "true",
                            "id": "vpc-96abd0f0",
                            "instance_tenancy": "default",
                            "main_route_table_id": "rtb-cb9f12b2",
                            "tags.%": "1",
                            "tags.Name": "zodiac-grid"
                        },
                        "meta": {},
                        "tainted": false
                    },
                    "deposed": [],
                    "provider": ""
                }
            },
            "depends_on": []
        }
    ]
}
